
Microsoft Visual Studio Solution File, Format Version 12.00
# Visual Studio Version 16
VisualStudioVersion = 16.0.31205.134
MinimumVisualStudioVersion = 10.0.40219.1
Project("{FAE04EC0-301F-11D3-BF4B-00C04F79EFBC}") = "CoreShop", "CoreShop.csproj", "{6022D775-AE64-41E9-A0D2-8D79B6436637}"
EndProject
Global
	GlobalSection(SolutionConfigurationPlatforms) = preSolution
		Debug|Any CPU = Debug|Any CPU
		Release|Any CPU = Release|Any CPU
	EndGlobalSection
	GlobalSection(ProjectConfigurationPlatforms) = postSolution
		{6022D775-AE64-41E9-A0D2-8D79B6436637}.Debug|Any CPU.ActiveCfg = Debug|Any CPU
		{6022D775-AE64-41E9-A0D2-8D79B6436637}.Debug|Any CPU.Build.0 = Debug|Any CPU
		{6022D775-AE64-41E9-A0D2-8D79B6436637}.Release|Any CPU.ActiveCfg = Release|Any CPU
		{6022D775-AE64-41E9-A0D2-8D79B6436637}.Release|Any CPU.Build.0 = Release|Any CPU
	EndGlobalSection
	GlobalSection(SolutionProperties) = preSolution
		HideSolutionNode = FALSE
	EndGlobalSection
	GlobalSection(ExtensibilityGlobals) = postSolution
		SolutionGuid = {16E3903B-51A4-45F0-A45F-183D059B15CD}
	EndGlobalSection
EndGlobal
